
Microsoft Visual Studio Solution File, Format Version 12.00
Project("{FAE04EC0-301F-11D3-BF4B-00C04F79EFBC}") = "I18nResourceTranslator", "I18nResourceTranslator\I18nResourceTranslator.csproj", "{81A11F63-8530-4F03-891B-C7AE9A477836}"
EndProject
Global
	GlobalSection(SolutionConfigurationPlatforms) = preSolution
		Debug|Any CPU = Debug|Any CPU
		Release|Any CPU = Release|Any CPU
	EndGlobalSection
	GlobalSection(ProjectConfigurationPlatforms) = postSolution
		{81A11F63-8530-4F03-891B-C7AE9A477836}.Debug|Any CPU.ActiveCfg = Debug|Any CPU
		{81A11F63-8530-4F03-891B-C7AE9A477836}.Debug|Any CPU.Build.0 = Debug|Any CPU
		{81A11F63-8530-4F03-891B-C7AE9A477836}.Release|Any CPU.ActiveCfg = Release|Any CPU
		{81A11F63-8530-4F03-891B-C7AE9A477836}.Release|Any CPU.Build.0 = Release|Any CPU
	EndGlobalSection
EndGlobal
